{
  "nodes": {
    "ast_pattern_matching-master": {
      "inputs": {
        "flakeNimbleLib": [
          "flakeNimbleLib"
        ],
        "nixpkgs": [
          "nixpkgs"
        ],
        "src-ast_pattern_matching-master": "src-ast_pattern_matching-master"
      },
      "locked": {
        "dir": "master",
        "lastModified": 1665581268,
        "narHash": "sha256-M+Es281wTWOiaN1YW2Er/O5JVnpxe8PPq5MYClw24p8=",
        "owner": "nim-nix-pkgs",
        "repo": "ast_pattern_matching",
        "rev": "89f93f97de13a38cd454b9d0a5ac5265df265c0d",
        "type": "github"
      },
      "original": {
        "dir": "master",
        "owner": "nim-nix-pkgs",
        "ref": "master",
        "repo": "ast_pattern_matching",
        "type": "github"
      }
    },
    "flakeNimbleLib": {
      "inputs": {
        "nixpkgs": [
          "nixpkgs"
        ]
      },
      "locked": {
        "lastModified": 1662018438,
        "narHash": "sha256-QtNtU6+LX3Wokxf0zlFwKTFOcn6TeDjKQZ+DA9OYtvM=",
        "owner": "riinr",
        "repo": "nim-flakes-lib",
        "rev": "b1fe8340736e3a85d25c709ac3dfd82a55c03cbf",
        "type": "github"
      },
      "original": {
        "owner": "riinr",
        "ref": "master",
        "repo": "nim-flakes-lib",
        "type": "github"
      }
    },
    "nixpkgs": {
      "locked": {
        "lastModified": 1667110639,
        "narHash": "sha256-4FbPESZ5LbqQxkJJJBAfk/zKgF9h/4kyUwjjpJwYlbc=",
        "owner": "NixOS",
        "repo": "nixpkgs",
        "rev": "f38a1f04d1bec1feb61fd101a0539ae2002a7087",
        "type": "github"
      },
      "original": {
        "id": "nixpkgs",
        "type": "indirect"
      }
    },
    "root": {
      "inputs": {
        "ast_pattern_matching-master": "ast_pattern_matching-master",
        "flakeNimbleLib": "flakeNimbleLib",
        "nixpkgs": "nixpkgs"
      }
    },
    "src-ast_pattern_matching-master": {
      "flake": false,
      "locked": {
        "lastModified": 1665394332,
        "narHash": "sha256-wPIiFr8OfXM7Hyh5o2aQXnlgkqLf0FennN6zzVTGgY4=",
        "owner": "nim-lang",
        "repo": "ast-pattern-matching",
        "rev": "eb8b99d595517fd5d41ccc954edb896267f2db78",
        "type": "github"
      },
      "original": {
        "owner": "nim-lang",
        "ref": "refs/heads/master",
        "repo": "ast-pattern-matching",
        "type": "github"
      }
    }
  },
  "root": "root",
  "version": 7
}
